{
  "version": 4,
  "terraform_version": "1.6.4",
  "serial": 16,
  "lineage": "7f1f53b5-157b-e362-d3eb-09d4b76bd11a",
  "outputs": {},
  "resources": [
    {
      "mode": "data",
      "type": "aws_s3_bucket_object",
      "name": "lambda_zip_gda",
      "provider": "provider[\"registry.terraform.io/hashicorp/aws\"]",
      "instances": [
        {
          "schema_version": 0,
          "attributes": {
            "arn": "arn:aws:s3:::entrypoint-lambdas/lambda_functions/google_drive_analytics.zip",
            "body": null,
            "bucket": "entrypoint-lambdas",
            "bucket_key_enabled": false,
            "cache_control": "",
            "content_disposition": "",
            "content_encoding": "",
            "content_language": "",
            "content_length": 1565,
            "content_type": "application/zip",
            "etag": "e691538c01edccba7ca74efce274e111",
            "expiration": "",
            "expires": "",
            "id": "entrypoint-lambdas/lambda_functions/google_drive_analytics.zip",
            "key": "lambda_functions/google_drive_analytics.zip",
            "last_modified": "Wed, 21 Aug 2024 17:58:10 UTC",
            "metadata": {},
            "object_lock_legal_hold_status": "",
            "object_lock_mode": "",
            "object_lock_retain_until_date": "",
            "range": null,
            "server_side_encryption": "AES256",
            "sse_kms_key_id": "",
            "storage_class": "STANDARD",
            "tags": {},
            "version_id": "",
            "website_redirect_location": ""
          },
          "sensitive_attributes": []
        }
      ]
    },
    {
      "module": "module.cloudfront",
      "mode": "managed",
      "type": "aws_cloudfront_distribution",
      "name": "cloudfront_dist",
      "provider": "provider[\"registry.terraform.io/hashicorp/aws\"]",
      "instances": [
        {
          "schema_version": 1,
          "attributes": {
            "aliases": null,
            "arn": "arn:aws:cloudfront::293335122851:distribution/E3K1F4J1998U5P",
            "caller_reference": "terraform-20240821180851515500000001",
            "comment": null,
            "continuous_deployment_policy_id": "",
            "custom_error_response": [],
            "default_cache_behavior": [
              {
                "allowed_methods": [
                  "GET",
                  "HEAD"
                ],
                "cache_policy_id": "",
                "cached_methods": [
                  "GET",
                  "HEAD"
                ],
                "compress": false,
                "default_ttl": 3600,
                "field_level_encryption_id": "",
                "forwarded_values": [
                  {
                    "cookies": [
                      {
                        "forward": "none",
                        "whitelisted_names": []
                      }
                    ],
                    "headers": [],
                    "query_string": false,
                    "query_string_cache_keys": []
                  }
                ],
                "function_association": [],
                "lambda_function_association": [],
                "max_ttl": 86400,
                "min_ttl": 0,
                "origin_request_policy_id": "",
                "realtime_log_config_arn": "",
                "response_headers_policy_id": "",
                "smooth_streaming": false,
                "target_origin_id": "website-entrypoint",
                "trusted_key_groups": [],
                "trusted_signers": [],
                "viewer_protocol_policy": "allow-all"
              }
            ],
            "default_root_object": "posts.html",
            "domain_name": "dq0ug4e9aywsc.cloudfront.net",
            "enabled": true,
            "etag": "E2AGU4M3TN6CTC",
            "hosted_zone_id": "Z2FDTNDATAQYW2",
            "http_version": "http2",
            "id": "E3K1F4J1998U5P",
            "in_progress_validation_batches": 0,
            "is_ipv6_enabled": true,
            "last_modified_time": "2024-08-21 18:08:52.314 +0000 UTC",
            "logging_config": [],
            "ordered_cache_behavior": [],
            "origin": [
              {
                "connection_attempts": 3,
                "connection_timeout": 10,
                "custom_header": [],
                "custom_origin_config": [],
                "domain_name": "website-entrypoint.s3.amazonaws.com",
                "origin_access_control_id": "E3LISEAZ0U60U6",
                "origin_id": "website-entrypoint",
                "origin_path": "",
                "origin_shield": [],
                "s3_origin_config": []
              }
            ],
            "origin_group": [],
            "price_class": "PriceClass_All",
            "restrictions": [
              {
                "geo_restriction": [
                  {
                    "locations": [],
                    "restriction_type": "none"
                  }
                ]
              }
            ],
            "retain_on_delete": false,
            "staging": false,
            "status": "Deployed",
            "tags": null,
            "tags_all": {},
            "trusted_key_groups": [
              {
                "enabled": false,
                "items": []
              }
            ],
            "trusted_signers": [
              {
                "enabled": false,
                "items": []
              }
            ],
            "viewer_certificate": [
              {
                "acm_certificate_arn": "",
                "cloudfront_default_certificate": true,
                "iam_certificate_id": "",
                "minimum_protocol_version": "TLSv1",
                "ssl_support_method": ""
              }
            ],
            "wait_for_deployment": true,
            "web_acl_id": ""
          },
          "sensitive_attributes": [],
          "private": "eyJzY2hlbWFfdmVyc2lvbiI6IjEifQ==",
          "dependencies": [
            "module.cloudfront.aws_cloudfront_origin_access_control.site_access",
            "module.s3_bucket.module.s3_bucket.aws_s3_bucket.this",
            "module.s3_bucket.module.s3_bucket.aws_s3_bucket_policy.this",
            "module.s3_bucket.module.s3_bucket.aws_s3_bucket_public_access_block.this",
            "module.s3_bucket.module.s3_bucket.data.aws_caller_identity.current",
            "module.s3_bucket.module.s3_bucket.data.aws_iam_policy_document.access_log_delivery",
            "module.s3_bucket.module.s3_bucket.data.aws_iam_policy_document.combined",
            "module.s3_bucket.module.s3_bucket.data.aws_iam_policy_document.deny_incorrect_encryption_headers",
            "module.s3_bucket.module.s3_bucket.data.aws_iam_policy_document.deny_incorrect_kms_key_sse",
            "module.s3_bucket.module.s3_bucket.data.aws_iam_policy_document.deny_insecure_transport",
            "module.s3_bucket.module.s3_bucket.data.aws_iam_policy_document.deny_unencrypted_object_uploads",
            "module.s3_bucket.module.s3_bucket.data.aws_iam_policy_document.elb_log_delivery",
            "module.s3_bucket.module.s3_bucket.data.aws_iam_policy_document.inventory_and_analytics_destination_policy",
            "module.s3_bucket.module.s3_bucket.data.aws_iam_policy_document.lb_log_delivery",
            "module.s3_bucket.module.s3_bucket.data.aws_iam_policy_document.require_latest_tls",
            "module.s3_bucket.module.s3_bucket.data.aws_partition.current",
            "module.s3_bucket.module.s3_bucket.data.aws_region.current"
          ]
        }
      ]
    },
    {
      "module": "module.cloudfront",
      "mode": "managed",
      "type": "aws_cloudfront_origin_access_control",
      "name": "site_access",
      "provider": "provider[\"registry.terraform.io/hashicorp/aws\"]",
      "instances": [
        {
          "schema_version": 0,
          "attributes": {
            "description": "Managed by Terraform",
            "etag": "ETVPDKIKX0DER",
            "id": "E3LISEAZ0U60U6",
            "name": "site_access",
            "origin_access_control_origin_type": "s3",
            "signing_behavior": "always",
            "signing_protocol": "sigv4"
          },
          "sensitive_attributes": [],
          "private": "bnVsbA=="
        }
      ]
    },
    {
      "module": "module.lambda_function_gda",
      "mode": "data",
      "type": "aws_iam_policy_document",
      "name": "assume_role",
      "provider": "provider[\"registry.terraform.io/hashicorp/aws\"]",
      "instances": [
        {
          "schema_version": 0,
          "attributes": {
            "id": "2690255455",
            "json": "{\n  \"Version\": \"2012-10-17\",\n  \"Statement\": [\n    {\n      \"Effect\": \"Allow\",\n      \"Action\": \"sts:AssumeRole\",\n      \"Principal\": {\n        \"Service\": \"lambda.amazonaws.com\"\n      }\n    }\n  ]\n}",
            "minified_json": "{\"Version\":\"2012-10-17\",\"Statement\":[{\"Effect\":\"Allow\",\"Action\":\"sts:AssumeRole\",\"Principal\":{\"Service\":\"lambda.amazonaws.com\"}}]}",
            "override_json": null,
            "override_policy_documents": null,
            "policy_id": null,
            "source_json": null,
            "source_policy_documents": null,
            "statement": [
              {
                "actions": [
                  "sts:AssumeRole"
                ],
                "condition": [],
                "effect": "Allow",
                "not_actions": [],
                "not_principals": [],
                "not_resources": [],
                "principals": [
                  {
                    "identifiers": [
                      "lambda.amazonaws.com"
                    ],
                    "type": "Service"
                  }
                ],
                "resources": [],
                "sid": ""
              }
            ],
            "version": "2012-10-17"
          },
          "sensitive_attributes": []
        }
      ]
    },
    {
      "module": "module.lambda_function_gda",
      "mode": "managed",
      "type": "aws_iam_role",
      "name": "iam_for_lambda",
      "provider": "provider[\"registry.terraform.io/hashicorp/aws\"]",
      "instances": [
        {
          "schema_version": 0,
          "attributes": {
            "arn": "arn:aws:iam::293335122851:role/iam_for_lambda",
            "assume_role_policy": "{\"Statement\":[{\"Action\":\"sts:AssumeRole\",\"Effect\":\"Allow\",\"Principal\":{\"Service\":\"lambda.amazonaws.com\"}}],\"Version\":\"2012-10-17\"}",
            "create_date": "2024-08-21T17:58:47Z",
            "description": "",
            "force_detach_policies": false,
            "id": "iam_for_lambda",
            "inline_policy": [],
            "managed_policy_arns": [],
            "max_session_duration": 3600,
            "name": "iam_for_lambda",
            "name_prefix": "",
            "path": "/",
            "permissions_boundary": "",
            "tags": {},
            "tags_all": {},
            "unique_id": "AROAUITBCYORQJONOQIWM"
          },
          "sensitive_attributes": [],
          "private": "bnVsbA==",
          "dependencies": [
            "module.lambda_function_gda.data.aws_iam_policy_document.assume_role"
          ]
        }
      ]
    },
    {
      "module": "module.lambda_function_gda",
      "mode": "managed",
      "type": "aws_lambda_function",
      "name": "gda_lambda",
      "provider": "provider[\"registry.terraform.io/hashicorp/aws\"]",
      "instances": [
        {
          "schema_version": 0,
          "attributes": {
            "architectures": [
              "x86_64"
            ],
            "arn": "arn:aws:lambda:eu-west-1:293335122851:function:google_drive_analytics",
            "code_sha256": "DJ9wRCLYjPNIuFJynCw5gZnQjJXrGusf28zBCdwHiC0=",
            "code_signing_config_arn": "",
            "dead_letter_config": [],
            "description": "",
            "environment": [
              {
                "variables": {
                  "ENTRYPOINT_DRIVE_FOLDER_ID": "1ugHtUXt1WhRrddKYdw5udTlCVH7lwMu_",
                  "HOME_TASKS_FOLDER_ID": "1NF4IZ-GWgZhhE1PWVg8eF7MQ2Vsv8vu9",
                  "REGION_NAME": "eu-west-1",
                  "SECRET_NAME": "google_credentials_secret_name"
                }
              }
            ],
            "ephemeral_storage": [
              {
                "size": 512
              }
            ],
            "file_system_config": [],
            "filename": null,
            "function_name": "google_drive_analytics",
            "handler": "google_drive_analytics.lambda_handler",
            "id": "google_drive_analytics",
            "image_config": [],
            "image_uri": "",
            "invoke_arn": "arn:aws:apigateway:eu-west-1:lambda:path/2015-03-31/functions/arn:aws:lambda:eu-west-1:293335122851:function:google_drive_analytics/invocations",
            "kms_key_arn": "",
            "last_modified": "2024-08-21T17:58:53.274+0000",
            "layers": [],
            "logging_config": [
              {
                "application_log_level": "",
                "log_format": "Text",
                "log_group": "/aws/lambda/google_drive_analytics",
                "system_log_level": ""
              }
            ],
            "memory_size": 128,
            "package_type": "Zip",
            "publish": false,
            "qualified_arn": "arn:aws:lambda:eu-west-1:293335122851:function:google_drive_analytics:$LATEST",
            "qualified_invoke_arn": "arn:aws:apigateway:eu-west-1:lambda:path/2015-03-31/functions/arn:aws:lambda:eu-west-1:293335122851:function:google_drive_analytics:$LATEST/invocations",
            "replace_security_groups_on_destroy": null,
            "replacement_security_group_ids": null,
            "reserved_concurrent_executions": -1,
            "role": "arn:aws:iam::293335122851:role/iam_for_lambda",
            "runtime": "python3.9",
            "s3_bucket": "entrypoint-lambdas",
            "s3_key": "lambda_functions/google_drive_analytics.zip",
            "s3_object_version": null,
            "signing_job_arn": "",
            "signing_profile_version_arn": "",
            "skip_destroy": false,
            "snap_start": [],
            "source_code_hash": "",
            "source_code_size": 1565,
            "tags": {},
            "tags_all": {},
            "timeout": 3,
            "timeouts": null,
            "tracing_config": [
              {
                "mode": "PassThrough"
              }
            ],
            "version": "$LATEST",
            "vpc_config": []
          },
          "sensitive_attributes": [],
          "private": "eyJlMmJmYjczMC1lY2FhLTExZTYtOGY4OC0zNDM2M2JjN2M0YzAiOnsiY3JlYXRlIjo2MDAwMDAwMDAwMDAsImRlbGV0ZSI6NjAwMDAwMDAwMDAwLCJ1cGRhdGUiOjYwMDAwMDAwMDAwMH19",
          "dependencies": [
            "data.aws_s3_bucket_object.lambda_zip_gda",
            "module.lambda_function_gda.aws_iam_role.iam_for_lambda",
            "module.lambda_function_gda.data.aws_iam_policy_document.assume_role"
          ]
        }
      ]
    },
    {
      "module": "module.s3_bucket",
      "mode": "managed",
      "type": "aws_s3_bucket_policy",
      "name": "bucket_policy",
      "provider": "provider[\"registry.terraform.io/hashicorp/aws\"]",
      "instances": [
        {
          "schema_version": 0,
          "attributes": {
            "bucket": "website-entrypoint",
            "id": "website-entrypoint",
            "policy": "{\"Statement\":[{\"Action\":\"s3:GetObject\",\"Condition\":{\"StringEquals\":{\"aws:SourceArn\":\"arn:aws:cloudfront::293335122851:distribution/E3K1F4J1998U5P\"}},\"Effect\":\"Allow\",\"Principal\":{\"Service\":\"cloudfront.amazonaws.com\"},\"Resource\":\"arn:aws:s3:::website-entrypoint/*\",\"Sid\":\"3\"}],\"Version\":\"2012-10-17\"}"
          },
          "sensitive_attributes": [],
          "private": "bnVsbA==",
          "dependencies": [
            "module.cloudfront.aws_cloudfront_distribution.cloudfront_dist",
            "module.cloudfront.aws_cloudfront_origin_access_control.site_access",
            "module.s3_bucket.module.s3_bucket.aws_s3_bucket.this",
            "module.s3_bucket.module.s3_bucket.aws_s3_bucket_policy.this",
            "module.s3_bucket.module.s3_bucket.aws_s3_bucket_public_access_block.this",
            "module.s3_bucket.module.s3_bucket.data.aws_caller_identity.current",
            "module.s3_bucket.module.s3_bucket.data.aws_iam_policy_document.access_log_delivery",
            "module.s3_bucket.module.s3_bucket.data.aws_iam_policy_document.combined",
            "module.s3_bucket.module.s3_bucket.data.aws_iam_policy_document.deny_incorrect_encryption_headers",
            "module.s3_bucket.module.s3_bucket.data.aws_iam_policy_document.deny_incorrect_kms_key_sse",
            "module.s3_bucket.module.s3_bucket.data.aws_iam_policy_document.deny_insecure_transport",
            "module.s3_bucket.module.s3_bucket.data.aws_iam_policy_document.deny_unencrypted_object_uploads",
            "module.s3_bucket.module.s3_bucket.data.aws_iam_policy_document.elb_log_delivery",
            "module.s3_bucket.module.s3_bucket.data.aws_iam_policy_document.inventory_and_analytics_destination_policy",
            "module.s3_bucket.module.s3_bucket.data.aws_iam_policy_document.lb_log_delivery",
            "module.s3_bucket.module.s3_bucket.data.aws_iam_policy_document.require_latest_tls",
            "module.s3_bucket.module.s3_bucket.data.aws_partition.current",
            "module.s3_bucket.module.s3_bucket.data.aws_region.current"
          ]
        }
      ]
    },
    {
      "module": "module.s3_bucket.module.s3_bucket",
      "mode": "data",
      "type": "aws_caller_identity",
      "name": "current",
      "provider": "provider[\"registry.terraform.io/hashicorp/aws\"]",
      "instances": [
        {
          "schema_version": 0,
          "attributes": {
            "account_id": "293335122851",
            "arn": "arn:aws:iam::293335122851:user/entrypoint-terraform",
            "id": "293335122851",
            "user_id": "AIDAUITBCYOR3WP2JU2XW"
          },
          "sensitive_attributes": []
        }
      ]
    },
    {
      "module": "module.s3_bucket.module.s3_bucket",
      "mode": "data",
      "type": "aws_canonical_user_id",
      "name": "this",
      "provider": "provider[\"registry.terraform.io/hashicorp/aws\"]",
      "instances": [
        {
          "index_key": 0,
          "schema_version": 0,
          "attributes": {
            "display_name": "yuvalpress",
            "id": "e39d3d82f890ea95a6a07f7a097b7a0db3fe792a9add7bfff369fed11c779241"
          },
          "sensitive_attributes": []
        }
      ]
    },
    {
      "module": "module.s3_bucket.module.s3_bucket",
      "mode": "data",
      "type": "aws_partition",
      "name": "current",
      "provider": "provider[\"registry.terraform.io/hashicorp/aws\"]",
      "instances": [
        {
          "schema_version": 0,
          "attributes": {
            "dns_suffix": "amazonaws.com",
            "id": "aws",
            "partition": "aws",
            "reverse_dns_prefix": "com.amazonaws"
          },
          "sensitive_attributes": []
        }
      ]
    },
    {
      "module": "module.s3_bucket.module.s3_bucket",
      "mode": "data",
      "type": "aws_region",
      "name": "current",
      "provider": "provider[\"registry.terraform.io/hashicorp/aws\"]",
      "instances": [
        {
          "schema_version": 0,
          "attributes": {
            "description": "Europe (Ireland)",
            "endpoint": "ec2.eu-west-1.amazonaws.com",
            "id": "eu-west-1",
            "name": "eu-west-1"
          },
          "sensitive_attributes": []
        }
      ]
    },
    {
      "module": "module.s3_bucket.module.s3_bucket",
      "mode": "managed",
      "type": "aws_s3_bucket",
      "name": "this",
      "provider": "provider[\"registry.terraform.io/hashicorp/aws\"]",
      "instances": [
        {
          "index_key": 0,
          "schema_version": 0,
          "attributes": {
            "acceleration_status": "",
            "acl": null,
            "arn": "arn:aws:s3:::website-entrypoint",
            "bucket": "website-entrypoint",
            "bucket_domain_name": "website-entrypoint.s3.amazonaws.com",
            "bucket_prefix": "",
            "bucket_regional_domain_name": "website-entrypoint.s3.eu-west-1.amazonaws.com",
            "cors_rule": [],
            "force_destroy": true,
            "grant": [
              {
                "id": "e39d3d82f890ea95a6a07f7a097b7a0db3fe792a9add7bfff369fed11c779241",
                "permissions": [
                  "FULL_CONTROL"
                ],
                "type": "CanonicalUser",
                "uri": ""
              }
            ],
            "hosted_zone_id": "Z1BKCTXD74EZPE",
            "id": "website-entrypoint",
            "lifecycle_rule": [],
            "logging": [],
            "object_lock_configuration": [],
            "object_lock_enabled": false,
            "policy": "",
            "region": "eu-west-1",
            "replication_configuration": [],
            "request_payer": "BucketOwner",
            "server_side_encryption_configuration": [
              {
                "rule": [
                  {
                    "apply_server_side_encryption_by_default": [
                      {
                        "kms_master_key_id": "",
                        "sse_algorithm": "AES256"
                      }
                    ],
                    "bucket_key_enabled": false
                  }
                ]
              }
            ],
            "tags": {},
            "tags_all": {},
            "timeouts": null,
            "versioning": [
              {
                "enabled": true,
                "mfa_delete": false
              }
            ],
            "website": [
              {
                "error_document": "",
                "index_document": "posts.html",
                "redirect_all_requests_to": "",
                "routing_rules": ""
              }
            ],
            "website_domain": "s3-website-eu-west-1.amazonaws.com",
            "website_endpoint": "website-entrypoint.s3-website-eu-west-1.amazonaws.com"
          },
          "sensitive_attributes": [],
          "private": "eyJlMmJmYjczMC1lY2FhLTExZTYtOGY4OC0zNDM2M2JjN2M0YzAiOnsiY3JlYXRlIjoxMjAwMDAwMDAwMDAwLCJkZWxldGUiOjM2MDAwMDAwMDAwMDAsInJlYWQiOjEyMDAwMDAwMDAwMDAsInVwZGF0ZSI6MTIwMDAwMDAwMDAwMH19"
        }
      ]
    },
    {
      "module": "module.s3_bucket.module.s3_bucket",
      "mode": "managed",
      "type": "aws_s3_bucket_acl",
      "name": "this",
      "provider": "provider[\"registry.terraform.io/hashicorp/aws\"]",
      "instances": [
        {
          "index_key": 0,
          "schema_version": 0,
          "attributes": {
            "access_control_policy": [
              {
                "grant": [
                  {
                    "grantee": [
                      {
                        "display_name": "yuvalpress",
                        "email_address": "",
                        "id": "e39d3d82f890ea95a6a07f7a097b7a0db3fe792a9add7bfff369fed11c779241",
                        "type": "CanonicalUser",
                        "uri": ""
                      }
                    ],
                    "permission": "FULL_CONTROL"
                  }
                ],
                "owner": [
                  {
                    "display_name": "yuvalpress",
                    "id": "e39d3d82f890ea95a6a07f7a097b7a0db3fe792a9add7bfff369fed11c779241"
                  }
                ]
              }
            ],
            "acl": "private",
            "bucket": "website-entrypoint",
            "expected_bucket_owner": "",
            "id": "website-entrypoint,private"
          },
          "sensitive_attributes": [],
          "private": "bnVsbA==",
          "dependencies": [
            "module.s3_bucket.module.s3_bucket.aws_s3_bucket.this",
            "module.s3_bucket.module.s3_bucket.aws_s3_bucket_ownership_controls.this",
            "module.s3_bucket.module.s3_bucket.aws_s3_bucket_policy.this",
            "module.s3_bucket.module.s3_bucket.aws_s3_bucket_public_access_block.this",
            "module.s3_bucket.module.s3_bucket.data.aws_caller_identity.current",
            "module.s3_bucket.module.s3_bucket.data.aws_canonical_user_id.this",
            "module.s3_bucket.module.s3_bucket.data.aws_iam_policy_document.access_log_delivery",
            "module.s3_bucket.module.s3_bucket.data.aws_iam_policy_document.combined",
            "module.s3_bucket.module.s3_bucket.data.aws_iam_policy_document.deny_incorrect_encryption_headers",
            "module.s3_bucket.module.s3_bucket.data.aws_iam_policy_document.deny_incorrect_kms_key_sse",
            "module.s3_bucket.module.s3_bucket.data.aws_iam_policy_document.deny_insecure_transport",
            "module.s3_bucket.module.s3_bucket.data.aws_iam_policy_document.deny_unencrypted_object_uploads",
            "module.s3_bucket.module.s3_bucket.data.aws_iam_policy_document.elb_log_delivery",
            "module.s3_bucket.module.s3_bucket.data.aws_iam_policy_document.inventory_and_analytics_destination_policy",
            "module.s3_bucket.module.s3_bucket.data.aws_iam_policy_document.lb_log_delivery",
            "module.s3_bucket.module.s3_bucket.data.aws_iam_policy_document.require_latest_tls",
            "module.s3_bucket.module.s3_bucket.data.aws_partition.current",
            "module.s3_bucket.module.s3_bucket.data.aws_region.current"
          ]
        }
      ]
    },
    {
      "module": "module.s3_bucket.module.s3_bucket",
      "mode": "managed",
      "type": "aws_s3_bucket_ownership_controls",
      "name": "this",
      "provider": "provider[\"registry.terraform.io/hashicorp/aws\"]",
      "instances": [
        {
          "index_key": 0,
          "schema_version": 0,
          "attributes": {
            "bucket": "website-entrypoint",
            "id": "website-entrypoint",
            "rule": [
              {
                "object_ownership": "ObjectWriter"
              }
            ]
          },
          "sensitive_attributes": [],
          "private": "bnVsbA==",
          "dependencies": [
            "module.s3_bucket.module.s3_bucket.aws_s3_bucket.this",
            "module.s3_bucket.module.s3_bucket.aws_s3_bucket_policy.this",
            "module.s3_bucket.module.s3_bucket.aws_s3_bucket_public_access_block.this",
            "module.s3_bucket.module.s3_bucket.data.aws_caller_identity.current",
            "module.s3_bucket.module.s3_bucket.data.aws_iam_policy_document.access_log_delivery",
            "module.s3_bucket.module.s3_bucket.data.aws_iam_policy_document.combined",
            "module.s3_bucket.module.s3_bucket.data.aws_iam_policy_document.deny_incorrect_encryption_headers",
            "module.s3_bucket.module.s3_bucket.data.aws_iam_policy_document.deny_incorrect_kms_key_sse",
            "module.s3_bucket.module.s3_bucket.data.aws_iam_policy_document.deny_insecure_transport",
            "module.s3_bucket.module.s3_bucket.data.aws_iam_policy_document.deny_unencrypted_object_uploads",
            "module.s3_bucket.module.s3_bucket.data.aws_iam_policy_document.elb_log_delivery",
            "module.s3_bucket.module.s3_bucket.data.aws_iam_policy_document.inventory_and_analytics_destination_policy",
            "module.s3_bucket.module.s3_bucket.data.aws_iam_policy_document.lb_log_delivery",
            "module.s3_bucket.module.s3_bucket.data.aws_iam_policy_document.require_latest_tls",
            "module.s3_bucket.module.s3_bucket.data.aws_partition.current",
            "module.s3_bucket.module.s3_bucket.data.aws_region.current"
          ]
        }
      ]
    },
    {
      "module": "module.s3_bucket.module.s3_bucket",
      "mode": "managed",
      "type": "aws_s3_bucket_public_access_block",
      "name": "this",
      "provider": "provider[\"registry.terraform.io/hashicorp/aws\"]",
      "instances": [
        {
          "index_key": 0,
          "schema_version": 0,
          "attributes": {
            "block_public_acls": true,
            "block_public_policy": true,
            "bucket": "website-entrypoint",
            "id": "website-entrypoint",
            "ignore_public_acls": true,
            "restrict_public_buckets": true
          },
          "sensitive_attributes": [],
          "private": "bnVsbA==",
          "dependencies": [
            "module.s3_bucket.module.s3_bucket.aws_s3_bucket.this"
          ]
        }
      ]
    },
    {
      "module": "module.s3_bucket.module.s3_bucket",
      "mode": "managed",
      "type": "aws_s3_bucket_versioning",
      "name": "this",
      "provider": "provider[\"registry.terraform.io/hashicorp/aws\"]",
      "instances": [
        {
          "index_key": 0,
          "schema_version": 0,
          "attributes": {
            "bucket": "website-entrypoint",
            "expected_bucket_owner": "",
            "id": "website-entrypoint",
            "mfa": null,
            "versioning_configuration": [
              {
                "mfa_delete": "",
                "status": "Enabled"
              }
            ]
          },
          "sensitive_attributes": [],
          "private": "bnVsbA==",
          "dependencies": [
            "module.s3_bucket.module.s3_bucket.aws_s3_bucket.this"
          ]
        }
      ]
    },
    {
      "module": "module.s3_bucket.module.s3_bucket",
      "mode": "managed",
      "type": "aws_s3_bucket_website_configuration",
      "name": "this",
      "provider": "provider[\"registry.terraform.io/hashicorp/aws\"]",
      "instances": [
        {
          "index_key": 0,
          "schema_version": 0,
          "attributes": {
            "bucket": "website-entrypoint",
            "error_document": [],
            "expected_bucket_owner": "",
            "id": "website-entrypoint",
            "index_document": [
              {
                "suffix": "posts.html"
              }
            ],
            "redirect_all_requests_to": [],
            "routing_rule": [],
            "routing_rules": "",
            "website_domain": "s3-website-eu-west-1.amazonaws.com",
            "website_endpoint": "website-entrypoint.s3-website-eu-west-1.amazonaws.com"
          },
          "sensitive_attributes": [],
          "private": "bnVsbA==",
          "dependencies": [
            "module.s3_bucket.module.s3_bucket.aws_s3_bucket.this"
          ]
        }
      ]
    }
  ],
  "check_results": null
}
